
Microsoft Visual Studio Solution File, Format Version 12.00
# Visual Studio Version 17
VisualStudioVersion = 17.3.32929.385
MinimumVisualStudioVersion = 10.0.40219.1
Project("{9A19103F-16F7-4668-BE54-9A1E7A4F7556}") = "EC2", "EC2\EC2.csproj", "{4C825E0E-7191-4583-97D6-F45E48772208}"
EndProject
Project("{9A19103F-16F7-4668-BE54-9A1E7A4F7556}") = "NorthWindLibrary", "NorthWindLibrary\NorthWindLibrary.csproj", "{76836490-1096-4D22-98F0-931D20D2DC0B}"
EndProject
Global
	GlobalSection(SolutionConfigurationPlatforms) = preSolution
		Debug|Any CPU = Debug|Any CPU
		Release|Any CPU = Release|Any CPU
	EndGlobalSection
	GlobalSection(ProjectConfigurationPlatforms) = postSolution
		{4C825E0E-7191-4583-97D6-F45E48772208}.Debug|Any CPU.ActiveCfg = Debug|Any CPU
		{4C825E0E-7191-4583-97D6-F45E48772208}.Debug|Any CPU.Build.0 = Debug|Any CPU
		{4C825E0E-7191-4583-97D6-F45E48772208}.Release|Any CPU.ActiveCfg = Release|Any CPU
		{4C825E0E-7191-4583-97D6-F45E48772208}.Release|Any CPU.Build.0 = Release|Any CPU
		{76836490-1096-4D22-98F0-931D20D2DC0B}.Debug|Any CPU.ActiveCfg = Debug|Any CPU
		{76836490-1096-4D22-98F0-931D20D2DC0B}.Debug|Any CPU.Build.0 = Debug|Any CPU
		{76836490-1096-4D22-98F0-931D20D2DC0B}.Release|Any CPU.ActiveCfg = Release|Any CPU
		{76836490-1096-4D22-98F0-931D20D2DC0B}.Release|Any CPU.Build.0 = Release|Any CPU
	EndGlobalSection
	GlobalSection(SolutionProperties) = preSolution
		HideSolutionNode = FALSE
	EndGlobalSection
	GlobalSection(ExtensibilityGlobals) = postSolution
		SolutionGuid = {321C49E2-BBAA-4F2E-9256-44BB3A7A0B12}
	EndGlobalSection
EndGlobal
